
Microsoft Visual Studio Solution File, Format Version 12.00
# Visual Studio Version 16
VisualStudioVersion = 16.0.29509.3
MinimumVisualStudioVersion = 10.0.40219.1
Project("{FAE04EC0-301F-11D3-BF4B-00C04F79EFBC}") = "Lab 0 Calculator", "Lab 0 Calculator\Lab 0 Calculator.csproj", "{3E1F2D44-1669-4C06-A7C0-E72998D3405D}"
EndProject
Global
	GlobalSection(SolutionConfigurationPlatforms) = preSolution
		Debug|Any CPU = Debug|Any CPU
		Release|Any CPU = Release|Any CPU
	EndGlobalSection
	GlobalSection(ProjectConfigurationPlatforms) = postSolution
		{3E1F2D44-1669-4C06-A7C0-E72998D3405D}.Debug|Any CPU.ActiveCfg = Debug|Any CPU
		{3E1F2D44-1669-4C06-A7C0-E72998D3405D}.Debug|Any CPU.Build.0 = Debug|Any CPU
		{3E1F2D44-1669-4C06-A7C0-E72998D3405D}.Release|Any CPU.ActiveCfg = Release|Any CPU
		{3E1F2D44-1669-4C06-A7C0-E72998D3405D}.Release|Any CPU.Build.0 = Release|Any CPU
	EndGlobalSection
	GlobalSection(SolutionProperties) = preSolution
		HideSolutionNode = FALSE
	EndGlobalSection
	GlobalSection(ExtensibilityGlobals) = postSolution
		SolutionGuid = {E01987CC-C6F7-40B7-AA64-4F16EB24BE3A}
	EndGlobalSection
EndGlobal
