
Microsoft Visual Studio Solution File, Format Version 12.00
# Visual Studio Version 16
VisualStudioVersion = 16.0.30114.105
MinimumVisualStudioVersion = 10.0.40219.1
Project("{FAE04EC0-301F-11D3-BF4B-00C04F79EFBC}") = "Lab 4", "Lab 4.csproj", "{640D8871-86E7-4FF5-90EA-C4DF90836254}"
EndProject
Global
	GlobalSection(SolutionConfigurationPlatforms) = preSolution
		Debug|Any CPU = Debug|Any CPU
		Release|Any CPU = Release|Any CPU
	EndGlobalSection
	GlobalSection(ProjectConfigurationPlatforms) = postSolution
		{640D8871-86E7-4FF5-90EA-C4DF90836254}.Debug|Any CPU.ActiveCfg = Debug|Any CPU
		{640D8871-86E7-4FF5-90EA-C4DF90836254}.Debug|Any CPU.Build.0 = Debug|Any CPU
		{640D8871-86E7-4FF5-90EA-C4DF90836254}.Release|Any CPU.ActiveCfg = Release|Any CPU
		{640D8871-86E7-4FF5-90EA-C4DF90836254}.Release|Any CPU.Build.0 = Release|Any CPU
	EndGlobalSection
	GlobalSection(SolutionProperties) = preSolution
		HideSolutionNode = FALSE
	EndGlobalSection
	GlobalSection(ExtensibilityGlobals) = postSolution
		SolutionGuid = {505EC886-D8AA-467C-A80D-CF93061449B9}
	EndGlobalSection
EndGlobal
