
Microsoft Visual Studio Solution File, Format Version 12.00
# Visual Studio Version 16
VisualStudioVersion = 16.0.29306.81
MinimumVisualStudioVersion = 10.0.40219.1
Project("{9A19103F-16F7-4668-BE54-9A1E7A4F7556}") = "Lab 1", "Lab 1\Lab 1.csproj", "{0D66866C-F47A-4B44-ACBA-0C130379193B}"
EndProject
Project("{9A19103F-16F7-4668-BE54-9A1E7A4F7556}") = "Lab 2", "Lab 2\Lab 2.csproj", "{05D4EE43-D055-423B-8060-C12A3E512369}"
EndProject
Project("{9A19103F-16F7-4668-BE54-9A1E7A4F7556}") = "Lab 3", "Lab 3\Lab 3.csproj", "{49EC903F-C69E-47D5-9CD7-ACFBA283AF0C}"
EndProject
Project("{9A19103F-16F7-4668-BE54-9A1E7A4F7556}") = "Lab 4", "Lab 4\Lab 4.csproj", "{F0C25039-E1DA-4951-8F9A-728C85AF2665}"
EndProject
Project("{9A19103F-16F7-4668-BE54-9A1E7A4F7556}") = "Lab 5", "Lab 5\Lab 5.csproj", "{12DC942D-DC31-4541-8EB0-03A55B18D1F6}"
EndProject
Project("{9A19103F-16F7-4668-BE54-9A1E7A4F7556}") = "Lab 6", "Lab 6\Lab 6.csproj", "{95393178-EC73-4C76-B188-AAA6593F5043}"
EndProject
Project("{9A19103F-16F7-4668-BE54-9A1E7A4F7556}") = "Lab 9", "Lab 9\Lab 9.csproj", "{E3562CAE-FB30-48B3-8E52-60FF50A9A346}"
EndProject
Project("{9A19103F-16F7-4668-BE54-9A1E7A4F7556}") = "Lab 10", "Lab 10\Lab 10.csproj", "{0587ACA4-DE69-4A42-BCEF-1C5F284B180B}"
EndProject
Project("{9A19103F-16F7-4668-BE54-9A1E7A4F7556}") = "Lab 11.1", "Lab 11\Lab 11.1\Lab 11.1.csproj", "{85F0BD68-AC73-4665-B012-0E8D23488C68}"
EndProject
Project("{9A19103F-16F7-4668-BE54-9A1E7A4F7556}") = "Lab 11.2", "Lab 11\Lab 11.2\Lab 11.2.csproj", "{D9DD4B85-DDEB-4D43-97C2-53CC8FE246E7}"
EndProject
Project("{9A19103F-16F7-4668-BE54-9A1E7A4F7556}") = "Lab 7.5.1", "Lab 7\Lab 7.5.1\Lab 7.5.1.csproj", "{28C87075-1C37-402B-ADF8-5D3D653DF291}"
EndProject
Project("{9A19103F-16F7-4668-BE54-9A1E7A4F7556}") = "Lab 7.5.2", "Lab 7\Lab 7.5.2\Lab 7.5.2.csproj", "{1FF617F5-7B04-4468-AED3-1264EDD09C43}"
EndProject
Project("{9A19103F-16F7-4668-BE54-9A1E7A4F7556}") = "Lab 7.5.3", "Lab 7\Lab 7.5.3\Lab 7.5.3.csproj", "{832CD8B8-7CB8-4C44-9C1F-46E5A4A6EB4A}"
EndProject
Project("{9A19103F-16F7-4668-BE54-9A1E7A4F7556}") = "Lab 7.5.4", "Lab 7\Lab 7.5.4\Lab 7.5.4.csproj", "{F9CFDBEC-0A05-4880-B71C-972599B7BA56}"
EndProject
Project("{9A19103F-16F7-4668-BE54-9A1E7A4F7556}") = "Lab 7.6.1", "Lab 7\Lab 7.6.1\Lab 7.6.1.csproj", "{652E30D0-4090-4093-8A23-5AD086E8CD80}"
EndProject
Project("{9A19103F-16F7-4668-BE54-9A1E7A4F7556}") = "Lab 7.6.2", "Lab 7\Lab 7.6.2\Lab 7.6.2.csproj", "{E4DD5B9E-4A26-4070-B0BE-1428EBB85820}"
EndProject
Project("{9A19103F-16F7-4668-BE54-9A1E7A4F7556}") = "Lab 7.6.3", "Lab 7\Lab 7.6.3\Lab 7.6.3.csproj", "{057E9433-83BC-4C59-8A6A-CAD1C5A0A2B2}"
EndProject
Project("{9A19103F-16F7-4668-BE54-9A1E7A4F7556}") = "Lab 7.7", "Lab 7\Lab 7.7\Lab 7.7.csproj", "{DE10AE04-9C97-4849-B63A-E9778800997D}"
EndProject
Project("{9A19103F-16F7-4668-BE54-9A1E7A4F7556}") = "Lab 7.8", "Lab 7\Lab 7.8\Lab 7.8.csproj", "{BC4E4BEF-8991-4639-9630-104F5CE192E5}"
EndProject
Project("{9A19103F-16F7-4668-BE54-9A1E7A4F7556}") = "Lab 8.1", "Lab 8\Lab 8.1\Lab 8.1.csproj", "{3084D0FD-29A3-465D-BCE6-3445621EFD75}"
EndProject
Project("{9A19103F-16F7-4668-BE54-9A1E7A4F7556}") = "Lab 8.2", "Lab 8\Lab 8.2\Lab 8.2.csproj", "{592843FB-4A12-4707-A94F-1058895B635A}"
EndProject
Global
	GlobalSection(SolutionConfigurationPlatforms) = preSolution
		Debug|Any CPU = Debug|Any CPU
		Release|Any CPU = Release|Any CPU
	EndGlobalSection
	GlobalSection(ProjectConfigurationPlatforms) = postSolution
		{0D66866C-F47A-4B44-ACBA-0C130379193B}.Debug|Any CPU.ActiveCfg = Debug|Any CPU
		{0D66866C-F47A-4B44-ACBA-0C130379193B}.Debug|Any CPU.Build.0 = Debug|Any CPU
		{0D66866C-F47A-4B44-ACBA-0C130379193B}.Release|Any CPU.ActiveCfg = Release|Any CPU
		{0D66866C-F47A-4B44-ACBA-0C130379193B}.Release|Any CPU.Build.0 = Release|Any CPU
		{05D4EE43-D055-423B-8060-C12A3E512369}.Debug|Any CPU.ActiveCfg = Debug|Any CPU
		{05D4EE43-D055-423B-8060-C12A3E512369}.Debug|Any CPU.Build.0 = Debug|Any CPU
		{05D4EE43-D055-423B-8060-C12A3E512369}.Release|Any CPU.ActiveCfg = Release|Any CPU
		{05D4EE43-D055-423B-8060-C12A3E512369}.Release|Any CPU.Build.0 = Release|Any CPU
		{49EC903F-C69E-47D5-9CD7-ACFBA283AF0C}.Debug|Any CPU.ActiveCfg = Debug|Any CPU
		{49EC903F-C69E-47D5-9CD7-ACFBA283AF0C}.Debug|Any CPU.Build.0 = Debug|Any CPU
		{49EC903F-C69E-47D5-9CD7-ACFBA283AF0C}.Release|Any CPU.ActiveCfg = Release|Any CPU
		{49EC903F-C69E-47D5-9CD7-ACFBA283AF0C}.Release|Any CPU.Build.0 = Release|Any CPU
		{F0C25039-E1DA-4951-8F9A-728C85AF2665}.Debug|Any CPU.ActiveCfg = Debug|Any CPU
		{F0C25039-E1DA-4951-8F9A-728C85AF2665}.Debug|Any CPU.Build.0 = Debug|Any CPU
		{F0C25039-E1DA-4951-8F9A-728C85AF2665}.Release|Any CPU.ActiveCfg = Release|Any CPU
		{F0C25039-E1DA-4951-8F9A-728C85AF2665}.Release|Any CPU.Build.0 = Release|Any CPU
		{12DC942D-DC31-4541-8EB0-03A55B18D1F6}.Debug|Any CPU.ActiveCfg = Debug|Any CPU
		{12DC942D-DC31-4541-8EB0-03A55B18D1F6}.Debug|Any CPU.Build.0 = Debug|Any CPU
		{12DC942D-DC31-4541-8EB0-03A55B18D1F6}.Release|Any CPU.ActiveCfg = Release|Any CPU
		{12DC942D-DC31-4541-8EB0-03A55B18D1F6}.Release|Any CPU.Build.0 = Release|Any CPU
		{95393178-EC73-4C76-B188-AAA6593F5043}.Debug|Any CPU.ActiveCfg = Debug|Any CPU
		{95393178-EC73-4C76-B188-AAA6593F5043}.Debug|Any CPU.Build.0 = Debug|Any CPU
		{95393178-EC73-4C76-B188-AAA6593F5043}.Release|Any CPU.ActiveCfg = Release|Any CPU
		{95393178-EC73-4C76-B188-AAA6593F5043}.Release|Any CPU.Build.0 = Release|Any CPU
		{E3562CAE-FB30-48B3-8E52-60FF50A9A346}.Debug|Any CPU.ActiveCfg = Debug|Any CPU
		{E3562CAE-FB30-48B3-8E52-60FF50A9A346}.Debug|Any CPU.Build.0 = Debug|Any CPU
		{E3562CAE-FB30-48B3-8E52-60FF50A9A346}.Release|Any CPU.ActiveCfg = Release|Any CPU
		{E3562CAE-FB30-48B3-8E52-60FF50A9A346}.Release|Any CPU.Build.0 = Release|Any CPU
		{0587ACA4-DE69-4A42-BCEF-1C5F284B180B}.Debug|Any CPU.ActiveCfg = Debug|Any CPU
		{0587ACA4-DE69-4A42-BCEF-1C5F284B180B}.Debug|Any CPU.Build.0 = Debug|Any CPU
		{0587ACA4-DE69-4A42-BCEF-1C5F284B180B}.Release|Any CPU.ActiveCfg = Release|Any CPU
		{0587ACA4-DE69-4A42-BCEF-1C5F284B180B}.Release|Any CPU.Build.0 = Release|Any CPU
		{85F0BD68-AC73-4665-B012-0E8D23488C68}.Debug|Any CPU.ActiveCfg = Debug|Any CPU
		{85F0BD68-AC73-4665-B012-0E8D23488C68}.Debug|Any CPU.Build.0 = Debug|Any CPU
		{85F0BD68-AC73-4665-B012-0E8D23488C68}.Release|Any CPU.ActiveCfg = Release|Any CPU
		{85F0BD68-AC73-4665-B012-0E8D23488C68}.Release|Any CPU.Build.0 = Release|Any CPU
		{D9DD4B85-DDEB-4D43-97C2-53CC8FE246E7}.Debug|Any CPU.ActiveCfg = Debug|Any CPU
		{D9DD4B85-DDEB-4D43-97C2-53CC8FE246E7}.Debug|Any CPU.Build.0 = Debug|Any CPU
		{D9DD4B85-DDEB-4D43-97C2-53CC8FE246E7}.Release|Any CPU.ActiveCfg = Release|Any CPU
		{D9DD4B85-DDEB-4D43-97C2-53CC8FE246E7}.Release|Any CPU.Build.0 = Release|Any CPU
		{28C87075-1C37-402B-ADF8-5D3D653DF291}.Debug|Any CPU.ActiveCfg = Debug|Any CPU
		{28C87075-1C37-402B-ADF8-5D3D653DF291}.Debug|Any CPU.Build.0 = Debug|Any CPU
		{28C87075-1C37-402B-ADF8-5D3D653DF291}.Release|Any CPU.ActiveCfg = Release|Any CPU
		{28C87075-1C37-402B-ADF8-5D3D653DF291}.Release|Any CPU.Build.0 = Release|Any CPU
		{1FF617F5-7B04-4468-AED3-1264EDD09C43}.Debug|Any CPU.ActiveCfg = Debug|Any CPU
		{1FF617F5-7B04-4468-AED3-1264EDD09C43}.Debug|Any CPU.Build.0 = Debug|Any CPU
		{1FF617F5-7B04-4468-AED3-1264EDD09C43}.Release|Any CPU.ActiveCfg = Release|Any CPU
		{1FF617F5-7B04-4468-AED3-1264EDD09C43}.Release|Any CPU.Build.0 = Release|Any CPU
		{832CD8B8-7CB8-4C44-9C1F-46E5A4A6EB4A}.Debug|Any CPU.ActiveCfg = Debug|Any CPU
		{832CD8B8-7CB8-4C44-9C1F-46E5A4A6EB4A}.Debug|Any CPU.Build.0 = Debug|Any CPU
		{832CD8B8-7CB8-4C44-9C1F-46E5A4A6EB4A}.Release|Any CPU.ActiveCfg = Release|Any CPU
		{832CD8B8-7CB8-4C44-9C1F-46E5A4A6EB4A}.Release|Any CPU.Build.0 = Release|Any CPU
		{F9CFDBEC-0A05-4880-B71C-972599B7BA56}.Debug|Any CPU.ActiveCfg = Debug|Any CPU
		{F9CFDBEC-0A05-4880-B71C-972599B7BA56}.Debug|Any CPU.Build.0 = Debug|Any CPU
		{F9CFDBEC-0A05-4880-B71C-972599B7BA56}.Release|Any CPU.ActiveCfg = Release|Any CPU
		{F9CFDBEC-0A05-4880-B71C-972599B7BA56}.Release|Any CPU.Build.0 = Release|Any CPU
		{652E30D0-4090-4093-8A23-5AD086E8CD80}.Debug|Any CPU.ActiveCfg = Debug|Any CPU
		{652E30D0-4090-4093-8A23-5AD086E8CD80}.Debug|Any CPU.Build.0 = Debug|Any CPU
		{652E30D0-4090-4093-8A23-5AD086E8CD80}.Release|Any CPU.ActiveCfg = Release|Any CPU
		{652E30D0-4090-4093-8A23-5AD086E8CD80}.Release|Any CPU.Build.0 = Release|Any CPU
		{E4DD5B9E-4A26-4070-B0BE-1428EBB85820}.Debug|Any CPU.ActiveCfg = Debug|Any CPU
		{E4DD5B9E-4A26-4070-B0BE-1428EBB85820}.Debug|Any CPU.Build.0 = Debug|Any CPU
		{E4DD5B9E-4A26-4070-B0BE-1428EBB85820}.Release|Any CPU.ActiveCfg = Release|Any CPU
		{E4DD5B9E-4A26-4070-B0BE-1428EBB85820}.Release|Any CPU.Build.0 = Release|Any CPU
		{057E9433-83BC-4C59-8A6A-CAD1C5A0A2B2}.Debug|Any CPU.ActiveCfg = Debug|Any CPU
		{057E9433-83BC-4C59-8A6A-CAD1C5A0A2B2}.Debug|Any CPU.Build.0 = Debug|Any CPU
		{057E9433-83BC-4C59-8A6A-CAD1C5A0A2B2}.Release|Any CPU.ActiveCfg = Release|Any CPU
		{057E9433-83BC-4C59-8A6A-CAD1C5A0A2B2}.Release|Any CPU.Build.0 = Release|Any CPU
		{DE10AE04-9C97-4849-B63A-E9778800997D}.Debug|Any CPU.ActiveCfg = Debug|Any CPU
		{DE10AE04-9C97-4849-B63A-E9778800997D}.Debug|Any CPU.Build.0 = Debug|Any CPU
		{DE10AE04-9C97-4849-B63A-E9778800997D}.Release|Any CPU.ActiveCfg = Release|Any CPU
		{DE10AE04-9C97-4849-B63A-E9778800997D}.Release|Any CPU.Build.0 = Release|Any CPU
		{BC4E4BEF-8991-4639-9630-104F5CE192E5}.Debug|Any CPU.ActiveCfg = Debug|Any CPU
		{BC4E4BEF-8991-4639-9630-104F5CE192E5}.Debug|Any CPU.Build.0 = Debug|Any CPU
		{BC4E4BEF-8991-4639-9630-104F5CE192E5}.Release|Any CPU.ActiveCfg = Release|Any CPU
		{BC4E4BEF-8991-4639-9630-104F5CE192E5}.Release|Any CPU.Build.0 = Release|Any CPU
		{3084D0FD-29A3-465D-BCE6-3445621EFD75}.Debug|Any CPU.ActiveCfg = Debug|Any CPU
		{3084D0FD-29A3-465D-BCE6-3445621EFD75}.Debug|Any CPU.Build.0 = Debug|Any CPU
		{3084D0FD-29A3-465D-BCE6-3445621EFD75}.Release|Any CPU.ActiveCfg = Release|Any CPU
		{3084D0FD-29A3-465D-BCE6-3445621EFD75}.Release|Any CPU.Build.0 = Release|Any CPU
		{592843FB-4A12-4707-A94F-1058895B635A}.Debug|Any CPU.ActiveCfg = Debug|Any CPU
		{592843FB-4A12-4707-A94F-1058895B635A}.Debug|Any CPU.Build.0 = Debug|Any CPU
		{592843FB-4A12-4707-A94F-1058895B635A}.Release|Any CPU.ActiveCfg = Release|Any CPU
		{592843FB-4A12-4707-A94F-1058895B635A}.Release|Any CPU.Build.0 = Release|Any CPU
	EndGlobalSection
	GlobalSection(SolutionProperties) = preSolution
		HideSolutionNode = FALSE
	EndGlobalSection
	GlobalSection(ExtensibilityGlobals) = postSolution
		SolutionGuid = {F83828D3-3D36-4B0D-8989-8BE743CEF5C8}
	EndGlobalSection
EndGlobal
