
Microsoft Visual Studio Solution File, Format Version 12.00
# Visual Studio Version 16
VisualStudioVersion = 16.0.29306.81
MinimumVisualStudioVersion = 10.0.40219.1
Project("{9A19103F-16F7-4668-BE54-9A1E7A4F7556}") = "Lab 1", "Lab 1\Lab 1.csproj", "{0D66866C-F47A-4B44-ACBA-0C130379193B}"
EndProject
Project("{9A19103F-16F7-4668-BE54-9A1E7A4F7556}") = "Lab 2", "Lab 2\Lab 2.csproj", "{05D4EE43-D055-423B-8060-C12A3E512369}"
EndProject
Project("{9A19103F-16F7-4668-BE54-9A1E7A4F7556}") = "Lab 3", "Lab 3\Lab 3.csproj", "{49EC903F-C69E-47D5-9CD7-ACFBA283AF0C}"
EndProject
Project("{9A19103F-16F7-4668-BE54-9A1E7A4F7556}") = "Lab 4", "Lab 4\Lab 4.csproj", "{F0C25039-E1DA-4951-8F9A-728C85AF2665}"
EndProject
Project("{9A19103F-16F7-4668-BE54-9A1E7A4F7556}") = "Lab 5", "Lab 5\Lab 5.csproj", "{12DC942D-DC31-4541-8EB0-03A55B18D1F6}"
EndProject
Project("{9A19103F-16F7-4668-BE54-9A1E7A4F7556}") = "Lab 6", "Lab 6\Lab 6.csproj", "{95393178-EC73-4C76-B188-AAA6593F5043}"
EndProject
Project("{9A19103F-16F7-4668-BE54-9A1E7A4F7556}") = "Lab 8.1", "Lab8\Lab 8.1\Lab 8.1.csproj", "{7E6D9F35-305E-4EC3-9CAB-FD4BFBB8705C}"
EndProject
Project("{9A19103F-16F7-4668-BE54-9A1E7A4F7556}") = "Lab 7.5.1", "Lab7\Lab 7.5.1\Lab 7.5.1.csproj", "{9EB6D1E3-B30C-4CCD-9674-8F10C94232F7}"
EndProject
Project("{9A19103F-16F7-4668-BE54-9A1E7A4F7556}") = "Lab 7.5.2", "Lab7\Lab 7.5.2\Lab 7.5.2.csproj", "{66EB0277-8919-4B9E-B0BD-D8342F8F75BC}"
EndProject
Project("{9A19103F-16F7-4668-BE54-9A1E7A4F7556}") = "Lab 7.5.3", "Lab7\Lab 7.5.3\Lab 7.5.3.csproj", "{3063E717-9327-4D2E-887D-7F7A24589AA8}"
EndProject
Project("{9A19103F-16F7-4668-BE54-9A1E7A4F7556}") = "Lab 7.5.4", "Lab7\Lab 7.5.4\Lab 7.5.4.csproj", "{C47DD24A-5141-4DB9-83B7-F07DB088B292}"
EndProject
Project("{9A19103F-16F7-4668-BE54-9A1E7A4F7556}") = "Lab 7.6.1", "Lab7\Lab 7.6.1\Lab 7.6.1.csproj", "{2E1CE783-F69C-4A48-88C0-31DEB9155A81}"
EndProject
Project("{9A19103F-16F7-4668-BE54-9A1E7A4F7556}") = "Lab 7.6.2", "Lab7\Lab 7.6.2\Lab 7.6.2.csproj", "{D57CBE72-53D2-40D3-A285-F147B2D61083}"
EndProject
Project("{9A19103F-16F7-4668-BE54-9A1E7A4F7556}") = "Lab 7.6.3", "Lab7\Lab 7.6.3\Lab 7.6.3.csproj", "{D07BC217-C32E-496F-9980-A6D9F6ED2055}"
EndProject
Project("{9A19103F-16F7-4668-BE54-9A1E7A4F7556}") = "Lab 7.7", "Lab7\Lab 7.7\Lab 7.7.csproj", "{EC8F8DBD-BBA4-4B3F-B9C8-0C26386D936F}"
EndProject
Project("{9A19103F-16F7-4668-BE54-9A1E7A4F7556}") = "Lab 7.8", "Lab7\Lab 7.8\Lab 7.8.csproj", "{FEC2C608-8BEC-416B-9474-9F0E2FF93E82}"
EndProject
Project("{9A19103F-16F7-4668-BE54-9A1E7A4F7556}") = "Lab 8.2", "Lab8\Lab 8.2\Lab 8.2.csproj", "{950DCEBB-668F-47A2-83F6-5450237D67A0}"
EndProject
Project("{FAE04EC0-301F-11D3-BF4B-00C04F79EFBC}") = "Lab 9", "Lab 9\Lab 9.csproj", "{E3562CAE-FB30-48B3-8E52-60FF50A9A346}"
EndProject
Project("{FAE04EC0-301F-11D3-BF4B-00C04F79EFBC}") = "Lab 10", "Lab 10\Lab 10.csproj", "{0587ACA4-DE69-4A42-BCEF-1C5F284B180B}"
EndProject
Global
	GlobalSection(SolutionConfigurationPlatforms) = preSolution
		Debug|Any CPU = Debug|Any CPU
		Release|Any CPU = Release|Any CPU
	EndGlobalSection
	GlobalSection(ProjectConfigurationPlatforms) = postSolution
		{0D66866C-F47A-4B44-ACBA-0C130379193B}.Debug|Any CPU.ActiveCfg = Debug|Any CPU
		{0D66866C-F47A-4B44-ACBA-0C130379193B}.Debug|Any CPU.Build.0 = Debug|Any CPU
		{0D66866C-F47A-4B44-ACBA-0C130379193B}.Release|Any CPU.ActiveCfg = Release|Any CPU
		{0D66866C-F47A-4B44-ACBA-0C130379193B}.Release|Any CPU.Build.0 = Release|Any CPU
		{05D4EE43-D055-423B-8060-C12A3E512369}.Debug|Any CPU.ActiveCfg = Debug|Any CPU
		{05D4EE43-D055-423B-8060-C12A3E512369}.Debug|Any CPU.Build.0 = Debug|Any CPU
		{05D4EE43-D055-423B-8060-C12A3E512369}.Release|Any CPU.ActiveCfg = Release|Any CPU
		{05D4EE43-D055-423B-8060-C12A3E512369}.Release|Any CPU.Build.0 = Release|Any CPU
		{49EC903F-C69E-47D5-9CD7-ACFBA283AF0C}.Debug|Any CPU.ActiveCfg = Debug|Any CPU
		{49EC903F-C69E-47D5-9CD7-ACFBA283AF0C}.Debug|Any CPU.Build.0 = Debug|Any CPU
		{49EC903F-C69E-47D5-9CD7-ACFBA283AF0C}.Release|Any CPU.ActiveCfg = Release|Any CPU
		{49EC903F-C69E-47D5-9CD7-ACFBA283AF0C}.Release|Any CPU.Build.0 = Release|Any CPU
		{F0C25039-E1DA-4951-8F9A-728C85AF2665}.Debug|Any CPU.ActiveCfg = Debug|Any CPU
		{F0C25039-E1DA-4951-8F9A-728C85AF2665}.Debug|Any CPU.Build.0 = Debug|Any CPU
		{F0C25039-E1DA-4951-8F9A-728C85AF2665}.Release|Any CPU.ActiveCfg = Release|Any CPU
		{F0C25039-E1DA-4951-8F9A-728C85AF2665}.Release|Any CPU.Build.0 = Release|Any CPU
		{12DC942D-DC31-4541-8EB0-03A55B18D1F6}.Debug|Any CPU.ActiveCfg = Debug|Any CPU
		{12DC942D-DC31-4541-8EB0-03A55B18D1F6}.Debug|Any CPU.Build.0 = Debug|Any CPU
		{12DC942D-DC31-4541-8EB0-03A55B18D1F6}.Release|Any CPU.ActiveCfg = Release|Any CPU
		{12DC942D-DC31-4541-8EB0-03A55B18D1F6}.Release|Any CPU.Build.0 = Release|Any CPU
		{95393178-EC73-4C76-B188-AAA6593F5043}.Debug|Any CPU.ActiveCfg = Debug|Any CPU
		{95393178-EC73-4C76-B188-AAA6593F5043}.Debug|Any CPU.Build.0 = Debug|Any CPU
		{95393178-EC73-4C76-B188-AAA6593F5043}.Release|Any CPU.ActiveCfg = Release|Any CPU
		{95393178-EC73-4C76-B188-AAA6593F5043}.Release|Any CPU.Build.0 = Release|Any CPU
		{7E6D9F35-305E-4EC3-9CAB-FD4BFBB8705C}.Debug|Any CPU.ActiveCfg = Debug|Any CPU
		{7E6D9F35-305E-4EC3-9CAB-FD4BFBB8705C}.Debug|Any CPU.Build.0 = Debug|Any CPU
		{7E6D9F35-305E-4EC3-9CAB-FD4BFBB8705C}.Release|Any CPU.ActiveCfg = Release|Any CPU
		{7E6D9F35-305E-4EC3-9CAB-FD4BFBB8705C}.Release|Any CPU.Build.0 = Release|Any CPU
		{9EB6D1E3-B30C-4CCD-9674-8F10C94232F7}.Debug|Any CPU.ActiveCfg = Debug|Any CPU
		{9EB6D1E3-B30C-4CCD-9674-8F10C94232F7}.Debug|Any CPU.Build.0 = Debug|Any CPU
		{9EB6D1E3-B30C-4CCD-9674-8F10C94232F7}.Release|Any CPU.ActiveCfg = Release|Any CPU
		{9EB6D1E3-B30C-4CCD-9674-8F10C94232F7}.Release|Any CPU.Build.0 = Release|Any CPU
		{66EB0277-8919-4B9E-B0BD-D8342F8F75BC}.Debug|Any CPU.ActiveCfg = Debug|Any CPU
		{66EB0277-8919-4B9E-B0BD-D8342F8F75BC}.Debug|Any CPU.Build.0 = Debug|Any CPU
		{66EB0277-8919-4B9E-B0BD-D8342F8F75BC}.Release|Any CPU.ActiveCfg = Release|Any CPU
		{66EB0277-8919-4B9E-B0BD-D8342F8F75BC}.Release|Any CPU.Build.0 = Release|Any CPU
		{3063E717-9327-4D2E-887D-7F7A24589AA8}.Debug|Any CPU.ActiveCfg = Debug|Any CPU
		{3063E717-9327-4D2E-887D-7F7A24589AA8}.Debug|Any CPU.Build.0 = Debug|Any CPU
		{3063E717-9327-4D2E-887D-7F7A24589AA8}.Release|Any CPU.ActiveCfg = Release|Any CPU
		{3063E717-9327-4D2E-887D-7F7A24589AA8}.Release|Any CPU.Build.0 = Release|Any CPU
		{C47DD24A-5141-4DB9-83B7-F07DB088B292}.Debug|Any CPU.ActiveCfg = Debug|Any CPU
		{C47DD24A-5141-4DB9-83B7-F07DB088B292}.Debug|Any CPU.Build.0 = Debug|Any CPU
		{C47DD24A-5141-4DB9-83B7-F07DB088B292}.Release|Any CPU.ActiveCfg = Release|Any CPU
		{C47DD24A-5141-4DB9-83B7-F07DB088B292}.Release|Any CPU.Build.0 = Release|Any CPU
		{2E1CE783-F69C-4A48-88C0-31DEB9155A81}.Debug|Any CPU.ActiveCfg = Debug|Any CPU
		{2E1CE783-F69C-4A48-88C0-31DEB9155A81}.Debug|Any CPU.Build.0 = Debug|Any CPU
		{2E1CE783-F69C-4A48-88C0-31DEB9155A81}.Release|Any CPU.ActiveCfg = Release|Any CPU
		{2E1CE783-F69C-4A48-88C0-31DEB9155A81}.Release|Any CPU.Build.0 = Release|Any CPU
		{D57CBE72-53D2-40D3-A285-F147B2D61083}.Debug|Any CPU.ActiveCfg = Debug|Any CPU
		{D57CBE72-53D2-40D3-A285-F147B2D61083}.Debug|Any CPU.Build.0 = Debug|Any CPU
		{D57CBE72-53D2-40D3-A285-F147B2D61083}.Release|Any CPU.ActiveCfg = Release|Any CPU
		{D57CBE72-53D2-40D3-A285-F147B2D61083}.Release|Any CPU.Build.0 = Release|Any CPU
		{D07BC217-C32E-496F-9980-A6D9F6ED2055}.Debug|Any CPU.ActiveCfg = Debug|Any CPU
		{D07BC217-C32E-496F-9980-A6D9F6ED2055}.Debug|Any CPU.Build.0 = Debug|Any CPU
		{D07BC217-C32E-496F-9980-A6D9F6ED2055}.Release|Any CPU.ActiveCfg = Release|Any CPU
		{D07BC217-C32E-496F-9980-A6D9F6ED2055}.Release|Any CPU.Build.0 = Release|Any CPU
		{EC8F8DBD-BBA4-4B3F-B9C8-0C26386D936F}.Debug|Any CPU.ActiveCfg = Debug|Any CPU
		{EC8F8DBD-BBA4-4B3F-B9C8-0C26386D936F}.Debug|Any CPU.Build.0 = Debug|Any CPU
		{EC8F8DBD-BBA4-4B3F-B9C8-0C26386D936F}.Release|Any CPU.ActiveCfg = Release|Any CPU
		{EC8F8DBD-BBA4-4B3F-B9C8-0C26386D936F}.Release|Any CPU.Build.0 = Release|Any CPU
		{FEC2C608-8BEC-416B-9474-9F0E2FF93E82}.Debug|Any CPU.ActiveCfg = Debug|Any CPU
		{FEC2C608-8BEC-416B-9474-9F0E2FF93E82}.Debug|Any CPU.Build.0 = Debug|Any CPU
		{FEC2C608-8BEC-416B-9474-9F0E2FF93E82}.Release|Any CPU.ActiveCfg = Release|Any CPU
		{FEC2C608-8BEC-416B-9474-9F0E2FF93E82}.Release|Any CPU.Build.0 = Release|Any CPU
		{950DCEBB-668F-47A2-83F6-5450237D67A0}.Debug|Any CPU.ActiveCfg = Debug|Any CPU
		{950DCEBB-668F-47A2-83F6-5450237D67A0}.Debug|Any CPU.Build.0 = Debug|Any CPU
		{950DCEBB-668F-47A2-83F6-5450237D67A0}.Release|Any CPU.ActiveCfg = Release|Any CPU
		{950DCEBB-668F-47A2-83F6-5450237D67A0}.Release|Any CPU.Build.0 = Release|Any CPU
		{E3562CAE-FB30-48B3-8E52-60FF50A9A346}.Debug|Any CPU.ActiveCfg = Debug|Any CPU
		{E3562CAE-FB30-48B3-8E52-60FF50A9A346}.Debug|Any CPU.Build.0 = Debug|Any CPU
		{E3562CAE-FB30-48B3-8E52-60FF50A9A346}.Release|Any CPU.ActiveCfg = Release|Any CPU
		{E3562CAE-FB30-48B3-8E52-60FF50A9A346}.Release|Any CPU.Build.0 = Release|Any CPU
		{0587ACA4-DE69-4A42-BCEF-1C5F284B180B}.Debug|Any CPU.ActiveCfg = Debug|Any CPU
		{0587ACA4-DE69-4A42-BCEF-1C5F284B180B}.Debug|Any CPU.Build.0 = Debug|Any CPU
		{0587ACA4-DE69-4A42-BCEF-1C5F284B180B}.Release|Any CPU.ActiveCfg = Release|Any CPU
		{0587ACA4-DE69-4A42-BCEF-1C5F284B180B}.Release|Any CPU.Build.0 = Release|Any CPU
	EndGlobalSection
	GlobalSection(SolutionProperties) = preSolution
		HideSolutionNode = FALSE
	EndGlobalSection
	GlobalSection(ExtensibilityGlobals) = postSolution
		SolutionGuid = {F83828D3-3D36-4B0D-8989-8BE743CEF5C8}
	EndGlobalSection
EndGlobal
